// !$*UTF8*$!
{
	archiveVersion = 1;
	classes = {
	};
	objectVersion = 56;
	objects = {

/* Begin PBXBuildFile section */
		32644AA72A535DEC00DA55EF /* TechStoreApiManager.swift in Sources */ = {isa = PBXBuildFile; fileRef = 32644AA62A535DEC00DA55EF /* TechStoreApiManager.swift */; };
		32644AA92A535ECC00DA55EF /* ApiDataModel.swift in Sources */ = {isa = PBXBuildFile; fileRef = 32644AA82A535ECC00DA55EF /* ApiDataModel.swift */; };
		32644AAB2A53608500DA55EF /* FoodStoreApiManager.swift in Sources */ = {isa = PBXBuildFile; fileRef = 32644AAA2A53608500DA55EF /* FoodStoreApiManager.swift */; };
		32644AAF2A53628500DA55EF /* ViewModel.swift in Sources */ = {isa = PBXBuildFile; fileRef = 32644AAE2A53628500DA55EF /* ViewModel.swift */; };
		32644AB12A5362C700DA55EF /* ApiManagerProtocol.swift in Sources */ = {isa = PBXBuildFile; fileRef = 32644AB02A5362C700DA55EF /* ApiManagerProtocol.swift */; };
		328347B42A5347E3007029CC /* AppDelegate.swift in Sources */ = {isa = PBXBuildFile; fileRef = 328347B32A5347E3007029CC /* AppDelegate.swift */; };
		328347B62A5347E3007029CC /* SceneDelegate.swift in Sources */ = {isa = PBXBuildFile; fileRef = 328347B52A5347E3007029CC /* SceneDelegate.swift */; };
		328347B82A5347E3007029CC /* MainVC.swift in Sources */ = {isa = PBXBuildFile; fileRef = 328347B72A5347E3007029CC /* MainVC.swift */; };
		328347BB2A5347E3007029CC /* Main.storyboard in Resources */ = {isa = PBXBuildFile; fileRef = 328347B92A5347E3007029CC /* Main.storyboard */; };
		328347BE2A5347E3007029CC /* Reactive_Swift.xcdatamodeld in Sources */ = {isa = PBXBuildFile; fileRef = 328347BC2A5347E3007029CC /* Reactive_Swift.xcdatamodeld */; };
		328347C02A5347E6007029CC /* Assets.xcassets in Resources */ = {isa = PBXBuildFile; fileRef = 328347BF2A5347E6007029CC /* Assets.xcassets */; };
		328347C32A5347E6007029CC /* LaunchScreen.storyboard in Resources */ = {isa = PBXBuildFile; fileRef = 328347C12A5347E6007029CC /* LaunchScreen.storyboard */; };
		328347CB2A534D94007029CC /* DetailsVC.swift in Sources */ = {isa = PBXBuildFile; fileRef = 328347CA2A534D94007029CC /* DetailsVC.swift */; };
		B3EBC760534AB783B330C18F /* Pods_Reactive_Swift.framework in Frameworks */ = {isa = PBXBuildFile; fileRef = 2AD1CA4BFA7EFC524D7E928B /* Pods_Reactive_Swift.framework */; };
/* End PBXBuildFile section */

/* Begin PBXFileReference section */
		2AD1CA4BFA7EFC524D7E928B /* Pods_Reactive_Swift.framework */ = {isa = PBXFileReference; explicitFileType = wrapper.framework; includeInIndex = 0; path = Pods_Reactive_Swift.framework; sourceTree = BUILT_PRODUCTS_DIR; };
		32644AA62A535DEC00DA55EF /* TechStoreApiManager.swift */ = {isa = PBXFileReference; lastKnownFileType = sourcecode.swift; path = TechStoreApiManager.swift; sourceTree = "<group>"; };
		32644AA82A535ECC00DA55EF /* ApiDataModel.swift */ = {isa = PBXFileReference; lastKnownFileType = sourcecode.swift; path = ApiDataModel.swift; sourceTree = "<group>"; };
		32644AAA2A53608500DA55EF /* FoodStoreApiManager.swift */ = {isa = PBXFileReference; lastKnownFileType = sourcecode.swift; path = FoodStoreApiManager.swift; sourceTree = "<group>"; };
		32644AAE2A53628500DA55EF /* ViewModel.swift */ = {isa = PBXFileReference; lastKnownFileType = sourcecode.swift; path = ViewModel.swift; sourceTree = "<group>"; };
		32644AB02A5362C700DA55EF /* ApiManagerProtocol.swift */ = {isa = PBXFileReference; lastKnownFileType = sourcecode.swift; path = ApiManagerProtocol.swift; sourceTree = "<group>"; };
		328347B02A5347E3007029CC /* Reactive Swift.app */ = {isa = PBXFileReference; explicitFileType = wrapper.application; includeInIndex = 0; path = "Reactive Swift.app"; sourceTree = BUILT_PRODUCTS_DIR; };
		328347B32A5347E3007029CC /* AppDelegate.swift */ = {isa = PBXFileReference; lastKnownFileType = sourcecode.swift; path = AppDelegate.swift; sourceTree = "<group>"; };
		328347B52A5347E3007029CC /* SceneDelegate.swift */ = {isa = PBXFileReference; lastKnownFileType = sourcecode.swift; path = SceneDelegate.swift; sourceTree = "<group>"; };
		328347B72A5347E3007029CC /* MainVC.swift */ = {isa = PBXFileReference; lastKnownFileType = sourcecode.swift; path = MainVC.swift; sourceTree = "<group>"; };
		328347BA2A5347E3007029CC /* Base */ = {isa = PBXFileReference; lastKnownFileType = file.storyboard; name = Base; path = Base.lproj/Main.storyboard; sourceTree = "<group>"; };
		328347BD2A5347E3007029CC /* Reactive_Swift.xcdatamodel */ = {isa = PBXFileReference; lastKnownFileType = wrapper.xcdatamodel; path = Reactive_Swift.xcdatamodel; sourceTree = "<group>"; };
		328347BF2A5347E6007029CC /* Assets.xcassets */ = {isa = PBXFileReference; lastKnownFileType = folder.assetcatalog; path = Assets.xcassets; sourceTree = "<group>"; };
		328347C22A5347E6007029CC /* Base */ = {isa = PBXFileReference; lastKnownFileType = file.storyboard; name = Base; path = Base.lproj/LaunchScreen.storyboard; sourceTree = "<group>"; };
		328347C42A5347E6007029CC /* Info.plist */ = {isa = PBXFileReference; lastKnownFileType = text.plist.xml; path = Info.plist; sourceTree = "<group>"; };
		328347CA2A534D94007029CC /* DetailsVC.swift */ = {isa = PBXFileReference; lastKnownFileType = sourcecode.swift; path = DetailsVC.swift; sourceTree = "<group>"; };
		59A29075D2506E4FD60211BE /* Pods-Reactive Swift.release.xcconfig */ = {isa = PBXFileReference; includeInIndex = 1; lastKnownFileType = text.xcconfig; name = "Pods-Reactive Swift.release.xcconfig"; path = "Target Support Files/Pods-Reactive Swift/Pods-Reactive Swift.release.xcconfig"; sourceTree = "<group>"; };
		607FAAC51C3D97471FD7F2F0 /* Pods-Reactive Swift.debug.xcconfig */ = {isa = PBXFileReference; includeInIndex = 1; lastKnownFileType = text.xcconfig; name = "Pods-Reactive Swift.debug.xcconfig"; path = "Target Support Files/Pods-Reactive Swift/Pods-Reactive Swift.debug.xcconfig"; sourceTree = "<group>"; };
/* End PBXFileReference section */

/* Begin PBXFrameworksBuildPhase section */
		328347AD2A5347E3007029CC /* Frameworks */ = {
			isa = PBXFrameworksBuildPhase;
			buildActionMask = 2147483647;
			files = (
				B3EBC760534AB783B330C18F /* Pods_Reactive_Swift.framework in Frameworks */,
			);
			runOnlyForDeploymentPostprocessing = 0;
		};
/* End PBXFrameworksBuildPhase section */

/* Begin PBXGroup section */
		32644AAC2A53624200DA55EF /* Models */ = {
			isa = PBXGroup;
			children = (
				32644AA82A535ECC00DA55EF /* ApiDataModel.swift */,
			);
			path = Models;
			sourceTree = "<group>";
		};
		32644AAD2A53625E00DA55EF /* Network */ = {
			isa = PBXGroup;
			children = (
				32644AB02A5362C700DA55EF /* ApiManagerProtocol.swift */,
				32644AA62A535DEC00DA55EF /* TechStoreApiManager.swift */,
				32644AAA2A53608500DA55EF /* FoodStoreApiManager.swift */,
			);
			path = Network;
			sourceTree = "<group>";
		};
		328347A72A5347E3007029CC = {
			isa = PBXGroup;
			children = (
				328347B22A5347E3007029CC /* Reactive Swift */,
				328347B12A5347E3007029CC /* Products */,
				5EC39CD54EDD4657D6716FFC /* Pods */,
				9C2D999D22374C990B1EF657 /* Frameworks */,
			);
			sourceTree = "<group>";
		};
		328347B12A5347E3007029CC /* Products */ = {
			isa = PBXGroup;
			children = (
				328347B02A5347E3007029CC /* Reactive Swift.app */,
			);
			name = Products;
			sourceTree = "<group>";
		};
		328347B22A5347E3007029CC /* Reactive Swift */ = {
			isa = PBXGroup;
			children = (
				328347B32A5347E3007029CC /* AppDelegate.swift */,
				328347B52A5347E3007029CC /* SceneDelegate.swift */,
				328347CC2A534DCB007029CC /* ViewControllers */,
				32644AAD2A53625E00DA55EF /* Network */,
				32644AAC2A53624200DA55EF /* Models */,
				32644AAE2A53628500DA55EF /* ViewModel.swift */,
				328347B92A5347E3007029CC /* Main.storyboard */,
				328347BF2A5347E6007029CC /* Assets.xcassets */,
				328347C12A5347E6007029CC /* LaunchScreen.storyboard */,
				328347C42A5347E6007029CC /* Info.plist */,
				328347BC2A5347E3007029CC /* Reactive_Swift.xcdatamodeld */,
			);
			path = "Reactive Swift";
			sourceTree = "<group>";
		};
		328347CC2A534DCB007029CC /* ViewControllers */ = {
			isa = PBXGroup;
			children = (
				328347B72A5347E3007029CC /* MainVC.swift */,
				328347CA2A534D94007029CC /* DetailsVC.swift */,
			);
			path = ViewControllers;
			sourceTree = "<group>";
		};
		5EC39CD54EDD4657D6716FFC /* Pods */ = {
			isa = PBXGroup;
			children = (
				607FAAC51C3D97471FD7F2F0 /* Pods-Reactive Swift.debug.xcconfig */,
				59A29075D2506E4FD60211BE /* Pods-Reactive Swift.release.xcconfig */,
			);
			path = Pods;
			sourceTree = "<group>";
		};
		9C2D999D22374C990B1EF657 /* Frameworks */ = {
			isa = PBXGroup;
			children = (
				2AD1CA4BFA7EFC524D7E928B /* Pods_Reactive_Swift.framework */,
			);
			name = Frameworks;
			sourceTree = "<group>";
		};
/* End PBXGroup section */

/* Begin PBXNativeTarget section */
		328347AF2A5347E3007029CC /* Reactive Swift */ = {
			isa = PBXNativeTarget;
			buildConfigurationList = 328347C72A5347E6007029CC /* Build configuration list for PBXNativeTarget "Reactive Swift" */;
			buildPhases = (
				8D4334B2DCF3797EBAE167A0 /* [CP] Check Pods Manifest.lock */,
				328347AC2A5347E3007029CC /* Sources */,
				328347AD2A5347E3007029CC /* Frameworks */,
				328347AE2A5347E3007029CC /* Resources */,
				1A3494046F68C85578C8D77B /* [CP] Embed Pods Frameworks */,
			);
			buildRules = (
			);
			dependencies = (
			);
			name = "Reactive Swift";
			productName = "Reactive Swift";
			productReference = 328347B02A5347E3007029CC /* Reactive Swift.app */;
			productType = "com.apple.product-type.application";
		};
/* End PBXNativeTarget section */

/* Begin PBXProject section */
		328347A82A5347E3007029CC /* Project object */ = {
			isa = PBXProject;
			attributes = {
				BuildIndependentTargetsInParallel = 1;
				LastSwiftUpdateCheck = 1430;
				LastUpgradeCheck = 1430;
				TargetAttributes = {
					328347AF2A5347E3007029CC = {
						CreatedOnToolsVersion = 14.3.1;
					};
				};
			};
			buildConfigurationList = 328347AB2A5347E3007029CC /* Build configuration list for PBXProject "Reactive Swift" */;
			compatibilityVersion = "Xcode 14.0";
			developmentRegion = en;
			hasScannedForEncodings = 0;
			knownRegions = (
				en,
				Base,
			);
			mainGroup = 328347A72A5347E3007029CC;
			productRefGroup = 328347B12A5347E3007029CC /* Products */;
			projectDirPath = "";
			projectRoot = "";
			targets = (
				328347AF2A5347E3007029CC /* Reactive Swift */,
			);
		};
/* End PBXProject section */

/* Begin PBXResourcesBuildPhase section */
		328347AE2A5347E3007029CC /* Resources */ = {
			isa = PBXResourcesBuildPhase;
			buildActionMask = 2147483647;
			files = (
				328347C32A5347E6007029CC /* LaunchScreen.storyboard in Resources */,
				328347C02A5347E6007029CC /* Assets.xcassets in Resources */,
				328347BB2A5347E3007029CC /* Main.storyboard in Resources */,
			);
			runOnlyForDeploymentPostprocessing = 0;
		};
/* End PBXResourcesBuildPhase section */

/* Begin PBXShellScriptBuildPhase section */
		1A3494046F68C85578C8D77B /* [CP] Embed Pods Frameworks */ = {
			isa = PBXShellScriptBuildPhase;
			buildActionMask = 2147483647;
			files = (
			);
			inputFileListPaths = (
				"${PODS_ROOT}/Target Support Files/Pods-Reactive Swift/Pods-Reactive Swift-frameworks-${CONFIGURATION}-input-files.xcfilelist",
			);
			name = "[CP] Embed Pods Frameworks";
			outputFileListPaths = (
				"${PODS_ROOT}/Target Support Files/Pods-Reactive Swift/Pods-Reactive Swift-frameworks-${CONFIGURATION}-output-files.xcfilelist",
			);
			runOnlyForDeploymentPostprocessing = 0;
			shellPath = /bin/sh;
			shellScript = "\"${PODS_ROOT}/Target Support Files/Pods-Reactive Swift/Pods-Reactive Swift-frameworks.sh\"\n";
			showEnvVarsInLog = 0;
		};
		8D4334B2DCF3797EBAE167A0 /* [CP] Check Pods Manifest.lock */ = {
			isa = PBXShellScriptBuildPhase;
			buildActionMask = 2147483647;
			files = (
			);
			inputFileListPaths = (
			);
			inputPaths = (
				"${PODS_PODFILE_DIR_PATH}/Podfile.lock",
				"${PODS_ROOT}/Manifest.lock",
			);
			name = "[CP] Check Pods Manifest.lock";
			outputFileListPaths = (
			);
			outputPaths = (
				"$(DERIVED_FILE_DIR)/Pods-Reactive Swift-checkManifestLockResult.txt",
			);
			runOnlyForDeploymentPostprocessing = 0;
			shellPath = /bin/sh;
			shellScript = "diff \"${PODS_PODFILE_DIR_PATH}/Podfile.lock\" \"${PODS_ROOT}/Manifest.lock\" > /dev/null\nif [ $? != 0 ] ; then\n    # print error to STDERR\n    echo \"error: The sandbox is not in sync with the Podfile.lock. Run 'pod install' or update your CocoaPods installation.\" >&2\n    exit 1\nfi\n# This output is used by Xcode 'outputs' to avoid re-running this script phase.\necho \"SUCCESS\" > \"${SCRIPT_OUTPUT_FILE_0}\"\n";
			showEnvVarsInLog = 0;
		};
/* End PBXShellScriptBuildPhase section */

/* Begin PBXSourcesBuildPhase section */
		328347AC2A5347E3007029CC /* Sources */ = {
			isa = PBXSourcesBuildPhase;
			buildActionMask = 2147483647;
			files = (
				328347B82A5347E3007029CC /* MainVC.swift in Sources */,
				32644AAF2A53628500DA55EF /* ViewModel.swift in Sources */,
				328347B42A5347E3007029CC /* AppDelegate.swift in Sources */,
				328347BE2A5347E3007029CC /* Reactive_Swift.xcdatamodeld in Sources */,
				328347B62A5347E3007029CC /* SceneDelegate.swift in Sources */,
				32644AA72A535DEC00DA55EF /* TechStoreApiManager.swift in Sources */,
				32644AA92A535ECC00DA55EF /* ApiDataModel.swift in Sources */,
				32644AAB2A53608500DA55EF /* FoodStoreApiManager.swift in Sources */,
				32644AB12A5362C700DA55EF /* ApiManagerProtocol.swift in Sources */,
				328347CB2A534D94007029CC /* DetailsVC.swift in Sources */,
			);
			runOnlyForDeploymentPostprocessing = 0;
		};
/* End PBXSourcesBuildPhase section */

/* Begin PBXVariantGroup section */
		328347B92A5347E3007029CC /* Main.storyboard */ = {
			isa = PBXVariantGroup;
			children = (
				328347BA2A5347E3007029CC /* Base */,
			);
			name = Main.storyboard;
			sourceTree = "<group>";
		};
		328347C12A5347E6007029CC /* LaunchScreen.storyboard */ = {
			isa = PBXVariantGroup;
			children = (
				328347C22A5347E6007029CC /* Base */,
			);
			name = LaunchScreen.storyboard;
			sourceTree = "<group>";
		};
/* End PBXVariantGroup section */

/* Begin XCBuildConfiguration section */
		328347C52A5347E6007029CC /* Debug */ = {
			isa = XCBuildConfiguration;
			buildSettings = {
				ALWAYS_SEARCH_USER_PATHS = NO;
				CLANG_ANALYZER_NONNULL = YES;
				CLANG_ANALYZER_NUMBER_OBJECT_CONVERSION = YES_AGGRESSIVE;
				CLANG_CXX_LANGUAGE_STANDARD = "gnu++20";
				CLANG_ENABLE_MODULES = YES;
				CLANG_ENABLE_OBJC_ARC = YES;
				CLANG_ENABLE_OBJC_WEAK = YES;
				CLANG_WARN_BLOCK_CAPTURE_AUTORELEASING = YES;
				CLANG_WARN_BOOL_CONVERSION = YES;
				CLANG_WARN_COMMA = YES;
				CLANG_WARN_CONSTANT_CONVERSION = YES;
				CLANG_WARN_DEPRECATED_OBJC_IMPLEMENTATIONS = YES;
				CLANG_WARN_DIRECT_OBJC_ISA_USAGE = YES_ERROR;
				CLANG_WARN_DOCUMENTATION_COMMENTS = YES;
				CLANG_WARN_EMPTY_BODY = YES;
				CLANG_WARN_ENUM_CONVERSION = YES;
				CLANG_WARN_INFINITE_RECURSION = YES;
				CLANG_WARN_INT_CONVERSION = YES;
				CLANG_WARN_NON_LITERAL_NULL_CONVERSION = YES;
				CLANG_WARN_OBJC_IMPLICIT_RETAIN_SELF = YES;
				CLANG_WARN_OBJC_LITERAL_CONVERSION = YES;
				CLANG_WARN_OBJC_ROOT_CLASS = YES_ERROR;
				CLANG_WARN_QUOTED_INCLUDE_IN_FRAMEWORK_HEADER = YES;
				CLANG_WARN_RANGE_LOOP_ANALYSIS = YES;
				CLANG_WARN_STRICT_PROTOTYPES = YES;
				CLANG_WARN_SUSPICIOUS_MOVE = YES;
				CLANG_WARN_UNGUARDED_AVAILABILITY = YES_AGGRESSIVE;
				CLANG_WARN_UNREACHABLE_CODE = YES;
				CLANG_WARN__DUPLICATE_METHOD_MATCH = YES;
				COPY_PHASE_STRIP = NO;
				DEBUG_INFORMATION_FORMAT = dwarf;
				ENABLE_STRICT_OBJC_MSGSEND = YES;
				ENABLE_TESTABILITY = YES;
				GCC_C_LANGUAGE_STANDARD = gnu11;
				GCC_DYNAMIC_NO_PIC = NO;
				GCC_NO_COMMON_BLOCKS = YES;
				GCC_OPTIMIZATION_LEVEL = 0;
				GCC_PREPROCESSOR_DEFINITIONS = (
					"DEBUG=1",
					"$(inherited)",
				);
				GCC_WARN_64_TO_32_BIT_CONVERSION = YES;
				GCC_WARN_ABOUT_RETURN_TYPE = YES_ERROR;
				GCC_WARN_UNDECLARED_SELECTOR = YES;
				GCC_WARN_UNINITIALIZED_AUTOS = YES_AGGRESSIVE;
				GCC_WARN_UNUSED_FUNCTION = YES;
				GCC_WARN_UNUSED_VARIABLE = YES;
				IPHONEOS_DEPLOYMENT_TARGET = 16.4;
				MTL_ENABLE_DEBUG_INFO = INCLUDE_SOURCE;
				MTL_FAST_MATH = YES;
				ONLY_ACTIVE_ARCH = YES;
				SDKROOT = iphoneos;
				SWIFT_ACTIVE_COMPILATION_CONDITIONS = DEBUG;
				SWIFT_OPTIMIZATION_LEVEL = "-Onone";
			};
			name = Debug;
		};
		328347C62A5347E6007029CC /* Release */ = {
			isa = XCBuildConfiguration;
			buildSettings = {
				ALWAYS_SEARCH_USER_PATHS = NO;
				CLANG_ANALYZER_NONNULL = YES;
				CLANG_ANALYZER_NUMBER_OBJECT_CONVERSION = YES_AGGRESSIVE;
				CLANG_CXX_LANGUAGE_STANDARD = "gnu++20";
				CLANG_ENABLE_MODULES = YES;
				CLANG_ENABLE_OBJC_ARC = YES;
				CLANG_ENABLE_OBJC_WEAK = YES;
				CLANG_WARN_BLOCK_CAPTURE_AUTORELEASING = YES;
				CLANG_WARN_BOOL_CONVERSION = YES;
				CLANG_WARN_COMMA = YES;
				CLANG_WARN_CONSTANT_CONVERSION = YES;
				CLANG_WARN_DEPRECATED_OBJC_IMPLEMENTATIONS = YES;
				CLANG_WARN_DIRECT_OBJC_ISA_USAGE = YES_ERROR;
				CLANG_WARN_DOCUMENTATION_COMMENTS = YES;
				CLANG_WARN_EMPTY_BODY = YES;
				CLANG_WARN_ENUM_CONVERSION = YES;
				CLANG_WARN_INFINITE_RECURSION = YES;
				CLANG_WARN_INT_CONVERSION = YES;
				CLANG_WARN_NON_LITERAL_NULL_CONVERSION = YES;
				CLANG_WARN_OBJC_IMPLICIT_RETAIN_SELF = YES;
				CLANG_WARN_OBJC_LITERAL_CONVERSION = YES;
				CLANG_WARN_OBJC_ROOT_CLASS = YES_ERROR;
				CLANG_WARN_QUOTED_INCLUDE_IN_FRAMEWORK_HEADER = YES;
				CLANG_WARN_RANGE_LOOP_ANALYSIS = YES;
				CLANG_WARN_STRICT_PROTOTYPES = YES;
				CLANG_WARN_SUSPICIOUS_MOVE = YES;
				CLANG_WARN_UNGUARDED_AVAILABILITY = YES_AGGRESSIVE;
				CLANG_WARN_UNREACHABLE_CODE = YES;
				CLANG_WARN__DUPLICATE_METHOD_MATCH = YES;
				COPY_PHASE_STRIP = NO;
				DEBUG_INFORMATION_FORMAT = "dwarf-with-dsym";
				ENABLE_NS_ASSERTIONS = NO;
				ENABLE_STRICT_OBJC_MSGSEND = YES;
				GCC_C_LANGUAGE_STANDARD = gnu11;
				GCC_NO_COMMON_BLOCKS = YES;
				GCC_WARN_64_TO_32_BIT_CONVERSION = YES;
				GCC_WARN_ABOUT_RETURN_TYPE = YES_ERROR;
				GCC_WARN_UNDECLARED_SELECTOR = YES;
				GCC_WARN_UNINITIALIZED_AUTOS = YES_AGGRESSIVE;
				GCC_WARN_UNUSED_FUNCTION = YES;
				GCC_WARN_UNUSED_VARIABLE = YES;
				IPHONEOS_DEPLOYMENT_TARGET = 16.4;
				MTL_ENABLE_DEBUG_INFO = NO;
				MTL_FAST_MATH = YES;
				SDKROOT = iphoneos;
				SWIFT_COMPILATION_MODE = wholemodule;
				SWIFT_OPTIMIZATION_LEVEL = "-O";
				VALIDATE_PRODUCT = YES;
			};
			name = Release;
		};
		328347C82A5347E6007029CC /* Debug */ = {
			isa = XCBuildConfiguration;
			baseConfigurationReference = 607FAAC51C3D97471FD7F2F0 /* Pods-Reactive Swift.debug.xcconfig */;
			buildSettings = {
				ASSETCATALOG_COMPILER_APPICON_NAME = AppIcon;
				ASSETCATALOG_COMPILER_GLOBAL_ACCENT_COLOR_NAME = AccentColor;
				CODE_SIGN_STYLE = Automatic;
				CURRENT_PROJECT_VERSION = 1;
				DEVELOPMENT_TEAM = DK47ZGQX9C;
				GENERATE_INFOPLIST_FILE = YES;
				INFOPLIST_FILE = "Reactive Swift/Info.plist";
				INFOPLIST_KEY_UIApplicationSupportsIndirectInputEvents = YES;
				INFOPLIST_KEY_UILaunchStoryboardName = LaunchScreen;
				INFOPLIST_KEY_UIMainStoryboardFile = Main;
				INFOPLIST_KEY_UISupportedInterfaceOrientations_iPad = "UIInterfaceOrientationPortrait UIInterfaceOrientationPortraitUpsideDown UIInterfaceOrientationLandscapeLeft UIInterfaceOrientationLandscapeRight";
				INFOPLIST_KEY_UISupportedInterfaceOrientations_iPhone = "UIInterfaceOrientationPortrait UIInterfaceOrientationLandscapeLeft UIInterfaceOrientationLandscapeRight";
				LD_RUNPATH_SEARCH_PATHS = (
					"$(inherited)",
					"@executable_path/Frameworks",
				);
				MARKETING_VERSION = 1.0;
				PRODUCT_BUNDLE_IDENTIFIER = "com.yusufkeskin.Reactive-Swift";
				PRODUCT_NAME = "$(TARGET_NAME)";
				SWIFT_EMIT_LOC_STRINGS = YES;
				SWIFT_VERSION = 5.0;
				TARGETED_DEVICE_FAMILY = "1,2";
			};
			name = Debug;
		};
		328347C92A5347E6007029CC /* Release */ = {
			isa = XCBuildConfiguration;
			baseConfigurationReference = 59A29075D2506E4FD60211BE /* Pods-Reactive Swift.release.xcconfig */;
			buildSettings = {
				ASSETCATALOG_COMPILER_APPICON_NAME = AppIcon;
				ASSETCATALOG_COMPILER_GLOBAL_ACCENT_COLOR_NAME = AccentColor;
				CODE_SIGN_STYLE = Automatic;
				CURRENT_PROJECT_VERSION = 1;
				DEVELOPMENT_TEAM = DK47ZGQX9C;
				GENERATE_INFOPLIST_FILE = YES;
				INFOPLIST_FILE = "Reactive Swift/Info.plist";
				INFOPLIST_KEY_UIApplicationSupportsIndirectInputEvents = YES;
				INFOPLIST_KEY_UILaunchStoryboardName = LaunchScreen;
				INFOPLIST_KEY_UIMainStoryboardFile = Main;
				INFOPLIST_KEY_UISupportedInterfaceOrientations_iPad = "UIInterfaceOrientationPortrait UIInterfaceOrientationPortraitUpsideDown UIInterfaceOrientationLandscapeLeft UIInterfaceOrientationLandscapeRight";
				INFOPLIST_KEY_UISupportedInterfaceOrientations_iPhone = "UIInterfaceOrientationPortrait UIInterfaceOrientationLandscapeLeft UIInterfaceOrientationLandscapeRight";
				LD_RUNPATH_SEARCH_PATHS = (
					"$(inherited)",
					"@executable_path/Frameworks",
				);
				MARKETING_VERSION = 1.0;
				PRODUCT_BUNDLE_IDENTIFIER = "com.yusufkeskin.Reactive-Swift";
				PRODUCT_NAME = "$(TARGET_NAME)";
				SWIFT_EMIT_LOC_STRINGS = YES;
				SWIFT_VERSION = 5.0;
				TARGETED_DEVICE_FAMILY = "1,2";
			};
			name = Release;
		};
/* End XCBuildConfiguration section */

/* Begin XCConfigurationList section */
		328347AB2A5347E3007029CC /* Build configuration list for PBXProject "Reactive Swift" */ = {
			isa = XCConfigurationList;
			buildConfigurations = (
				328347C52A5347E6007029CC /* Debug */,
				328347C62A5347E6007029CC /* Release */,
			);
			defaultConfigurationIsVisible = 0;
			defaultConfigurationName = Release;
		};
		328347C72A5347E6007029CC /* Build configuration list for PBXNativeTarget "Reactive Swift" */ = {
			isa = XCConfigurationList;
			buildConfigurations = (
				328347C82A5347E6007029CC /* Debug */,
				328347C92A5347E6007029CC /* Release */,
			);
			defaultConfigurationIsVisible = 0;
			defaultConfigurationName = Release;
		};
/* End XCConfigurationList section */

/* Begin XCVersionGroup section */
		328347BC2A5347E3007029CC /* Reactive_Swift.xcdatamodeld */ = {
			isa = XCVersionGroup;
			children = (
				328347BD2A5347E3007029CC /* Reactive_Swift.xcdatamodel */,
			);
			currentVersion = 328347BD2A5347E3007029CC /* Reactive_Swift.xcdatamodel */;
			path = Reactive_Swift.xcdatamodeld;
			sourceTree = "<group>";
			versionGroupType = wrapper.xcdatamodel;
		};
/* End XCVersionGroup section */
	};
	rootObject = 328347A82A5347E3007029CC /* Project object */;
}
